
Microsoft Visual Studio Solution File, Format Version 12.00
# Visual Studio Version 16
VisualStudioVersion = 16.0.30804.86
MinimumVisualStudioVersion = 10.0.40219.1
Project("{FAE04EC0-301F-11D3-BF4B-00C04F79EFBC}") = "AbsenceProjectHandy", "AbsenceProjectHandy\AbsenceProjectHandy.csproj", "{1C7A44AD-9E70-40D8-A892-DB7AED8C5529}"
EndProject
Global
	GlobalSection(SolutionConfigurationPlatforms) = preSolution
		Debug|Any CPU = Debug|Any CPU
		Release|Any CPU = Release|Any CPU
	EndGlobalSection
	GlobalSection(ProjectConfigurationPlatforms) = postSolution
		{1C7A44AD-9E70-40D8-A892-DB7AED8C5529}.Debug|Any CPU.ActiveCfg = Debug|Any CPU
		{1C7A44AD-9E70-40D8-A892-DB7AED8C5529}.Debug|Any CPU.Build.0 = Debug|Any CPU
		{1C7A44AD-9E70-40D8-A892-DB7AED8C5529}.Release|Any CPU.ActiveCfg = Release|Any CPU
		{1C7A44AD-9E70-40D8-A892-DB7AED8C5529}.Release|Any CPU.Build.0 = Release|Any CPU
	EndGlobalSection
	GlobalSection(SolutionProperties) = preSolution
		HideSolutionNode = FALSE
	EndGlobalSection
	GlobalSection(ExtensibilityGlobals) = postSolution
		SolutionGuid = {0142463B-223B-4FCE-B5DA-F8D08264CFCF}
	EndGlobalSection
EndGlobal
